
Microsoft Visual Studio Solution File, Format Version 12.00
# Visual Studio Version 17
VisualStudioVersion = 17.14.36518.9
MinimumVisualStudioVersion = 10.0.40219.1
Project("{FAE04EC0-301F-11D3-BF4B-00C04F79EFBC}") = "ExcelTable", "AlgoÖdev2\ExcelTable.csproj", "{7AE9F7FF-0477-4929-BC53-AAD5F467D76B}"
EndProject
Global
	GlobalSection(SolutionConfigurationPlatforms) = preSolution
		Debug|Any CPU = Debug|Any CPU
		Release|Any CPU = Release|Any CPU
	EndGlobalSection
	GlobalSection(ProjectConfigurationPlatforms) = postSolution
		{7AE9F7FF-0477-4929-BC53-AAD5F467D76B}.Debug|Any CPU.ActiveCfg = Debug|Any CPU
		{7AE9F7FF-0477-4929-BC53-AAD5F467D76B}.Debug|Any CPU.Build.0 = Debug|Any CPU
		{7AE9F7FF-0477-4929-BC53-AAD5F467D76B}.Release|Any CPU.ActiveCfg = Release|Any CPU
		{7AE9F7FF-0477-4929-BC53-AAD5F467D76B}.Release|Any CPU.Build.0 = Release|Any CPU
	EndGlobalSection
	GlobalSection(SolutionProperties) = preSolution
		HideSolutionNode = FALSE
	EndGlobalSection
	GlobalSection(ExtensibilityGlobals) = postSolution
		SolutionGuid = {F0A561D8-3A4B-42B3-8A50-41E05AFF582E}
	EndGlobalSection
EndGlobal
